// !$*UTF8*$!
{
	archiveVersion = 1;
	classes = {
	};
	objectVersion = 46;
	objects = {

/* Begin PBXBuildFile section */
		D1862E1E1F2C2E1F00B0B398 /* sqlite3.c in Sources */ = {isa = PBXBuildFile; fileRef = D1862E1C1F2C2E1F00B0B398 /* sqlite3.c */; settings = {COMPILER_FLAGS = "-Wno-ambiguous-macro -Wno-shorten-64-to-32 -Wno-unreachable-code -Wno-#warnings -DSQLITE_ENABLE_JSON1"; }; };
		D1862E1F1F2C2E1F00B0B398 /* sqlite3.h in Headers */ = {isa = PBXBuildFile; fileRef = D1862E1D1F2C2E1F00B0B398 /* sqlite3.h */; };
		D1862E201F2C2E2300B0B398 /* sqlite3.c in Sources */ = {isa = PBXBuildFile; fileRef = D1862E1C1F2C2E1F00B0B398 /* sqlite3.c */; };
		D1862E211F2C2E2400B0B398 /* sqlite3.c in Sources */ = {isa = PBXBuildFile; fileRef = D1862E1C1F2C2E1F00B0B398 /* sqlite3.c */; settings = {COMPILER_FLAGS = "-Wno-ambiguous-macro -Wno-shorten-64-to-32 -Wno-unreachable-code -Wno-#warnings -DSQLITE_ENABLE_JSON1"; }; };
		D1F822E61C27A4DF00B54B04 /* Structure.framework in Frameworks */ = {isa = PBXBuildFile; fileRef = D1F822DB1C27A4DF00B54B04 /* Structure.framework */; };
		D1F822FC1C27AB7100B54B04 /* Structure.swift in Sources */ = {isa = PBXBuildFile; fileRef = D1F822FB1C27AB7100B54B04 /* Structure.swift */; };
		D1F822FD1C27AB7100B54B04 /* Structure.swift in Sources */ = {isa = PBXBuildFile; fileRef = D1F822FB1C27AB7100B54B04 /* Structure.swift */; };
		D1F822FF1C27AD2700B54B04 /* SQLiteHelpers.swift in Sources */ = {isa = PBXBuildFile; fileRef = D1F822FE1C27AD2700B54B04 /* SQLiteHelpers.swift */; };
		D1F823001C27AD2700B54B04 /* SQLiteHelpers.swift in Sources */ = {isa = PBXBuildFile; fileRef = D1F822FE1C27AD2700B54B04 /* SQLiteHelpers.swift */; };
		D1F823021C27AE9200B54B04 /* StructureError.swift in Sources */ = {isa = PBXBuildFile; fileRef = D1F823011C27AE9200B54B04 /* StructureError.swift */; };
		D1F823031C27AE9200B54B04 /* StructureError.swift in Sources */ = {isa = PBXBuildFile; fileRef = D1F823011C27AE9200B54B04 /* StructureError.swift */; };
		D1F823061C27B01200B54B04 /* StructureTests.swift in Sources */ = {isa = PBXBuildFile; fileRef = D1F823051C27B01200B54B04 /* StructureTests.swift */; };
		D1F823451C36DAFF00B54B04 /* Statement.swift in Sources */ = {isa = PBXBuildFile; fileRef = D1F823441C36DAFF00B54B04 /* Statement.swift */; };
		D1F823461C36DAFF00B54B04 /* Statement.swift in Sources */ = {isa = PBXBuildFile; fileRef = D1F823441C36DAFF00B54B04 /* Statement.swift */; };
		D1F823481C36ED1100B54B04 /* StructureInitializationTests.swift in Sources */ = {isa = PBXBuildFile; fileRef = D1F823471C36ED1100B54B04 /* StructureInitializationTests.swift */; };
		D1F8234A1C36EDAB00B54B04 /* TestHelper.swift in Sources */ = {isa = PBXBuildFile; fileRef = D1F823491C36EDAB00B54B04 /* TestHelper.swift */; };
		D1F8234C1C3756E100B54B04 /* StatementTests.swift in Sources */ = {isa = PBXBuildFile; fileRef = D1F8234B1C3756E100B54B04 /* StatementTests.swift */; };
		D1F823551C42245900B54B04 /* Bindable.swift in Sources */ = {isa = PBXBuildFile; fileRef = D1F823541C42245900B54B04 /* Bindable.swift */; };
		D1F823561C42245900B54B04 /* Bindable.swift in Sources */ = {isa = PBXBuildFile; fileRef = D1F823541C42245900B54B04 /* Bindable.swift */; };
		D1F823581C42282B00B54B04 /* Row.swift in Sources */ = {isa = PBXBuildFile; fileRef = D1F823571C42282B00B54B04 /* Row.swift */; };
		D1F823591C42282B00B54B04 /* Row.swift in Sources */ = {isa = PBXBuildFile; fileRef = D1F823571C42282B00B54B04 /* Row.swift */; };
		D1F823621C489CE900B54B04 /* Structure.h in Headers */ = {isa = PBXBuildFile; fileRef = D1F823611C489CE900B54B04 /* Structure.h */; settings = {ATTRIBUTES = (Public, ); }; };
		D1F823691C489CE900B54B04 /* Structure.framework in Frameworks */ = {isa = PBXBuildFile; fileRef = D1F8235F1C489CE900B54B04 /* Structure.framework */; };
		D1F823761C489CF900B54B04 /* Bindable.swift in Sources */ = {isa = PBXBuildFile; fileRef = D1F823541C42245900B54B04 /* Bindable.swift */; };
		D1F823771C489CF900B54B04 /* Bindable.swift in Sources */ = {isa = PBXBuildFile; fileRef = D1F823541C42245900B54B04 /* Bindable.swift */; };
		D1F823781C489CFD00B54B04 /* Row.swift in Sources */ = {isa = PBXBuildFile; fileRef = D1F823571C42282B00B54B04 /* Row.swift */; };
		D1F823791C489CFD00B54B04 /* Row.swift in Sources */ = {isa = PBXBuildFile; fileRef = D1F823571C42282B00B54B04 /* Row.swift */; };
		D1F8237A1C489D0000B54B04 /* SQLiteHelpers.swift in Sources */ = {isa = PBXBuildFile; fileRef = D1F822FE1C27AD2700B54B04 /* SQLiteHelpers.swift */; };
		D1F8237B1C489D0100B54B04 /* SQLiteHelpers.swift in Sources */ = {isa = PBXBuildFile; fileRef = D1F822FE1C27AD2700B54B04 /* SQLiteHelpers.swift */; };
		D1F8237C1C489D0600B54B04 /* Statement.swift in Sources */ = {isa = PBXBuildFile; fileRef = D1F823441C36DAFF00B54B04 /* Statement.swift */; };
		D1F8237D1C489D0600B54B04 /* Statement.swift in Sources */ = {isa = PBXBuildFile; fileRef = D1F823441C36DAFF00B54B04 /* Statement.swift */; };
		D1F8237E1C489D0A00B54B04 /* Structure.swift in Sources */ = {isa = PBXBuildFile; fileRef = D1F822FB1C27AB7100B54B04 /* Structure.swift */; };
		D1F8237F1C489D0B00B54B04 /* Structure.swift in Sources */ = {isa = PBXBuildFile; fileRef = D1F822FB1C27AB7100B54B04 /* Structure.swift */; };
		D1F823801C489D0E00B54B04 /* StructureError.swift in Sources */ = {isa = PBXBuildFile; fileRef = D1F823011C27AE9200B54B04 /* StructureError.swift */; };
		D1F823811C489D0E00B54B04 /* StructureError.swift in Sources */ = {isa = PBXBuildFile; fileRef = D1F823011C27AE9200B54B04 /* StructureError.swift */; };
		D1F823831C489D2200B54B04 /* StatementTests.swift in Sources */ = {isa = PBXBuildFile; fileRef = D1F8234B1C3756E100B54B04 /* StatementTests.swift */; };
		D1F823841C489D2500B54B04 /* StructureInitializationTests.swift in Sources */ = {isa = PBXBuildFile; fileRef = D1F823471C36ED1100B54B04 /* StructureInitializationTests.swift */; };
		D1F823851C489D2900B54B04 /* TestHelper.swift in Sources */ = {isa = PBXBuildFile; fileRef = D1F823491C36EDAB00B54B04 /* TestHelper.swift */; };
		D1F823861C489D2C00B54B04 /* StructureTests.swift in Sources */ = {isa = PBXBuildFile; fileRef = D1F823051C27B01200B54B04 /* StructureTests.swift */; };
		D1F823881C48A08F00B54B04 /* Structure.h in Headers */ = {isa = PBXBuildFile; fileRef = D1F823871C48A08F00B54B04 /* Structure.h */; settings = {ATTRIBUTES = (Public, ); }; };
		D1F823911C48A18700B54B04 /* Structure.h in Headers */ = {isa = PBXBuildFile; fileRef = D1F823901C48A18700B54B04 /* Structure.h */; settings = {ATTRIBUTES = (Public, ); }; };
		D1F823981C48A18700B54B04 /* Structure.framework in Frameworks */ = {isa = PBXBuildFile; fileRef = D1F8238E1C48A18700B54B04 /* Structure.framework */; };
		D1F823A51C48A1FE00B54B04 /* Bindable.swift in Sources */ = {isa = PBXBuildFile; fileRef = D1F823541C42245900B54B04 /* Bindable.swift */; };
		D1F823A61C48A1FE00B54B04 /* Bindable.swift in Sources */ = {isa = PBXBuildFile; fileRef = D1F823541C42245900B54B04 /* Bindable.swift */; };
		D1F823A71C48A20100B54B04 /* Row.swift in Sources */ = {isa = PBXBuildFile; fileRef = D1F823571C42282B00B54B04 /* Row.swift */; };
		D1F823A81C48A20200B54B04 /* Row.swift in Sources */ = {isa = PBXBuildFile; fileRef = D1F823571C42282B00B54B04 /* Row.swift */; };
		D1F823A91C48A20500B54B04 /* SQLiteHelpers.swift in Sources */ = {isa = PBXBuildFile; fileRef = D1F822FE1C27AD2700B54B04 /* SQLiteHelpers.swift */; };
		D1F823AA1C48A20500B54B04 /* SQLiteHelpers.swift in Sources */ = {isa = PBXBuildFile; fileRef = D1F822FE1C27AD2700B54B04 /* SQLiteHelpers.swift */; };
		D1F823AB1C48A20900B54B04 /* Statement.swift in Sources */ = {isa = PBXBuildFile; fileRef = D1F823441C36DAFF00B54B04 /* Statement.swift */; };
		D1F823AC1C48A20A00B54B04 /* Statement.swift in Sources */ = {isa = PBXBuildFile; fileRef = D1F823441C36DAFF00B54B04 /* Statement.swift */; };
		D1F823AD1C48A20D00B54B04 /* Structure.swift in Sources */ = {isa = PBXBuildFile; fileRef = D1F822FB1C27AB7100B54B04 /* Structure.swift */; };
		D1F823AE1C48A20E00B54B04 /* Structure.swift in Sources */ = {isa = PBXBuildFile; fileRef = D1F822FB1C27AB7100B54B04 /* Structure.swift */; };
		D1F823AF1C48A21100B54B04 /* StructureError.swift in Sources */ = {isa = PBXBuildFile; fileRef = D1F823011C27AE9200B54B04 /* StructureError.swift */; };
		D1F823B01C48A21200B54B04 /* StructureError.swift in Sources */ = {isa = PBXBuildFile; fileRef = D1F823011C27AE9200B54B04 /* StructureError.swift */; };
		D1F823B11C48A21700B54B04 /* StatementTests.swift in Sources */ = {isa = PBXBuildFile; fileRef = D1F8234B1C3756E100B54B04 /* StatementTests.swift */; };
		D1F823B21C48A21C00B54B04 /* StructureInitializationTests.swift in Sources */ = {isa = PBXBuildFile; fileRef = D1F823471C36ED1100B54B04 /* StructureInitializationTests.swift */; };
		D1F823B31C48A21F00B54B04 /* StructureTests.swift in Sources */ = {isa = PBXBuildFile; fileRef = D1F823051C27B01200B54B04 /* StructureTests.swift */; };
		D1F823B41C48A22500B54B04 /* TestHelper.swift in Sources */ = {isa = PBXBuildFile; fileRef = D1F823491C36EDAB00B54B04 /* TestHelper.swift */; };
/* End PBXBuildFile section */

/* Begin PBXContainerItemProxy section */
		D1F822E71C27A4DF00B54B04 /* PBXContainerItemProxy */ = {
			isa = PBXContainerItemProxy;
			containerPortal = D1F822D21C27A4DF00B54B04 /* Project object */;
			proxyType = 1;
			remoteGlobalIDString = D1F822DA1C27A4DF00B54B04;
			remoteInfo = Structure;
		};
		D1F8236A1C489CE900B54B04 /* PBXContainerItemProxy */ = {
			isa = PBXContainerItemProxy;
			containerPortal = D1F822D21C27A4DF00B54B04 /* Project object */;
			proxyType = 1;
			remoteGlobalIDString = D1F8235E1C489CE900B54B04;
			remoteInfo = "Structure Mac";
		};
		D1F823991C48A18700B54B04 /* PBXContainerItemProxy */ = {
			isa = PBXContainerItemProxy;
			containerPortal = D1F822D21C27A4DF00B54B04 /* Project object */;
			proxyType = 1;
			remoteGlobalIDString = D1F8238D1C48A18700B54B04;
			remoteInfo = "Structure tvOS";
		};
/* End PBXContainerItemProxy section */

/* Begin PBXFileReference section */
		D1661DBA1D138F820018D170 /* LICENSE.md */ = {isa = PBXFileReference; fileEncoding = 4; lastKnownFileType = net.daringfireball.markdown; path = LICENSE.md; sourceTree = SOURCE_ROOT; };
		D1661DC11D138FD40018D170 /* CHANGELOG.md */ = {isa = PBXFileReference; lastKnownFileType = net.daringfireball.markdown; path = CHANGELOG.md; sourceTree = SOURCE_ROOT; };
		D1862E1B1F2C2E1F00B0B398 /* module.modulemap */ = {isa = PBXFileReference; fileEncoding = 4; lastKnownFileType = "sourcecode.module-map"; name = module.modulemap; path = SQLite/module.modulemap; sourceTree = "<group>"; };
		D1862E1C1F2C2E1F00B0B398 /* sqlite3.c */ = {isa = PBXFileReference; fileEncoding = 4; lastKnownFileType = sourcecode.c.c; name = sqlite3.c; path = SQLite/sqlite3.c; sourceTree = "<group>"; };
		D1862E1D1F2C2E1F00B0B398 /* sqlite3.h */ = {isa = PBXFileReference; fileEncoding = 4; lastKnownFileType = sourcecode.c.h; name = sqlite3.h; path = SQLite/sqlite3.h; sourceTree = "<group>"; };
		D1F822DB1C27A4DF00B54B04 /* Structure.framework */ = {isa = PBXFileReference; explicitFileType = wrapper.framework; includeInIndex = 0; path = Structure.framework; sourceTree = BUILT_PRODUCTS_DIR; };
		D1F822E01C27A4DF00B54B04 /* Info.plist */ = {isa = PBXFileReference; lastKnownFileType = text.plist.xml; path = Info.plist; sourceTree = "<group>"; };
		D1F822E51C27A4DF00B54B04 /* Structure_iOS_Tests.xctest */ = {isa = PBXFileReference; explicitFileType = wrapper.cfbundle; includeInIndex = 0; path = Structure_iOS_Tests.xctest; sourceTree = BUILT_PRODUCTS_DIR; };
		D1F822EC1C27A4DF00B54B04 /* Info.plist */ = {isa = PBXFileReference; lastKnownFileType = text.plist.xml; path = Info.plist; sourceTree = "<group>"; };
		D1F822FB1C27AB7100B54B04 /* Structure.swift */ = {isa = PBXFileReference; fileEncoding = 4; lastKnownFileType = sourcecode.swift; path = Structure.swift; sourceTree = "<group>"; };
		D1F822FE1C27AD2700B54B04 /* SQLiteHelpers.swift */ = {isa = PBXFileReference; fileEncoding = 4; lastKnownFileType = sourcecode.swift; path = SQLiteHelpers.swift; sourceTree = "<group>"; };
		D1F823011C27AE9200B54B04 /* StructureError.swift */ = {isa = PBXFileReference; fileEncoding = 4; lastKnownFileType = sourcecode.swift; path = StructureError.swift; sourceTree = "<group>"; };
		D1F823051C27B01200B54B04 /* StructureTests.swift */ = {isa = PBXFileReference; fileEncoding = 4; lastKnownFileType = sourcecode.swift; path = StructureTests.swift; sourceTree = "<group>"; };
		D1F823441C36DAFF00B54B04 /* Statement.swift */ = {isa = PBXFileReference; fileEncoding = 4; lastKnownFileType = sourcecode.swift; path = Statement.swift; sourceTree = "<group>"; };
		D1F823471C36ED1100B54B04 /* StructureInitializationTests.swift */ = {isa = PBXFileReference; fileEncoding = 4; lastKnownFileType = sourcecode.swift; path = StructureInitializationTests.swift; sourceTree = "<group>"; };
		D1F823491C36EDAB00B54B04 /* TestHelper.swift */ = {isa = PBXFileReference; fileEncoding = 4; lastKnownFileType = sourcecode.swift; path = TestHelper.swift; sourceTree = "<group>"; };
		D1F8234B1C3756E100B54B04 /* StatementTests.swift */ = {isa = PBXFileReference; fileEncoding = 4; lastKnownFileType = sourcecode.swift; path = StatementTests.swift; sourceTree = "<group>"; };
		D1F823521C37804600B54B04 /* README.markdown */ = {isa = PBXFileReference; fileEncoding = 4; lastKnownFileType = net.daringfireball.markdown; path = README.markdown; sourceTree = SOURCE_ROOT; };
		D1F823541C42245900B54B04 /* Bindable.swift */ = {isa = PBXFileReference; fileEncoding = 4; lastKnownFileType = sourcecode.swift; path = Bindable.swift; sourceTree = "<group>"; };
		D1F823571C42282B00B54B04 /* Row.swift */ = {isa = PBXFileReference; fileEncoding = 4; lastKnownFileType = sourcecode.swift; path = Row.swift; sourceTree = "<group>"; };
		D1F8235F1C489CE900B54B04 /* Structure.framework */ = {isa = PBXFileReference; explicitFileType = wrapper.framework; includeInIndex = 0; path = Structure.framework; sourceTree = BUILT_PRODUCTS_DIR; };
		D1F823611C489CE900B54B04 /* Structure.h */ = {isa = PBXFileReference; lastKnownFileType = sourcecode.c.h; path = Structure.h; sourceTree = "<group>"; };
		D1F823631C489CE900B54B04 /* Info.plist */ = {isa = PBXFileReference; lastKnownFileType = text.plist.xml; path = Info.plist; sourceTree = "<group>"; };
		D1F823681C489CE900B54B04 /* Structure Mac Tests.xctest */ = {isa = PBXFileReference; explicitFileType = wrapper.cfbundle; includeInIndex = 0; path = "Structure Mac Tests.xctest"; sourceTree = BUILT_PRODUCTS_DIR; };
		D1F8236F1C489CE900B54B04 /* Info.plist */ = {isa = PBXFileReference; lastKnownFileType = text.plist.xml; path = Info.plist; sourceTree = "<group>"; };
		D1F823871C48A08F00B54B04 /* Structure.h */ = {isa = PBXFileReference; fileEncoding = 4; lastKnownFileType = sourcecode.c.h; path = Structure.h; sourceTree = "<group>"; };
		D1F8238E1C48A18700B54B04 /* Structure.framework */ = {isa = PBXFileReference; explicitFileType = wrapper.framework; includeInIndex = 0; path = Structure.framework; sourceTree = BUILT_PRODUCTS_DIR; };
		D1F823901C48A18700B54B04 /* Structure.h */ = {isa = PBXFileReference; lastKnownFileType = sourcecode.c.h; path = Structure.h; sourceTree = "<group>"; };
		D1F823921C48A18700B54B04 /* Info.plist */ = {isa = PBXFileReference; lastKnownFileType = text.plist.xml; path = Info.plist; sourceTree = "<group>"; };
		D1F823971C48A18700B54B04 /* Structure tvOS Tests.xctest */ = {isa = PBXFileReference; explicitFileType = wrapper.cfbundle; includeInIndex = 0; path = "Structure tvOS Tests.xctest"; sourceTree = BUILT_PRODUCTS_DIR; };
		D1F8239E1C48A18700B54B04 /* Info.plist */ = {isa = PBXFileReference; lastKnownFileType = text.plist.xml; path = Info.plist; sourceTree = "<group>"; };
/* End PBXFileReference section */

/* Begin PBXFrameworksBuildPhase section */
		D1F822D71C27A4DF00B54B04 /* Frameworks */ = {
			isa = PBXFrameworksBuildPhase;
			buildActionMask = 2147483647;
			files = (
			);
			runOnlyForDeploymentPostprocessing = 0;
		};
		D1F822E21C27A4DF00B54B04 /* Frameworks */ = {
			isa = PBXFrameworksBuildPhase;
			buildActionMask = 2147483647;
			files = (
				D1F822E61C27A4DF00B54B04 /* Structure.framework in Frameworks */,
			);
			runOnlyForDeploymentPostprocessing = 0;
		};
		D1F8235B1C489CE900B54B04 /* Frameworks */ = {
			isa = PBXFrameworksBuildPhase;
			buildActionMask = 2147483647;
			files = (
			);
			runOnlyForDeploymentPostprocessing = 0;
		};
		D1F823651C489CE900B54B04 /* Frameworks */ = {
			isa = PBXFrameworksBuildPhase;
			buildActionMask = 2147483647;
			files = (
				D1F823691C489CE900B54B04 /* Structure.framework in Frameworks */,
			);
			runOnlyForDeploymentPostprocessing = 0;
		};
		D1F8238A1C48A18700B54B04 /* Frameworks */ = {
			isa = PBXFrameworksBuildPhase;
			buildActionMask = 2147483647;
			files = (
			);
			runOnlyForDeploymentPostprocessing = 0;
		};
		D1F823941C48A18700B54B04 /* Frameworks */ = {
			isa = PBXFrameworksBuildPhase;
			buildActionMask = 2147483647;
			files = (
				D1F823981C48A18700B54B04 /* Structure.framework in Frameworks */,
			);
			runOnlyForDeploymentPostprocessing = 0;
		};
/* End PBXFrameworksBuildPhase section */

/* Begin PBXGroup section */
		D1862E1A1F2C2E0F00B0B398 /* SQLite */ = {
			isa = PBXGroup;
			children = (
				D1862E1B1F2C2E1F00B0B398 /* module.modulemap */,
				D1862E1C1F2C2E1F00B0B398 /* sqlite3.c */,
				D1862E1D1F2C2E1F00B0B398 /* sqlite3.h */,
			);
			name = SQLite;
			sourceTree = "<group>";
		};
		D1F822D11C27A4DF00B54B04 = {
			isa = PBXGroup;
			children = (
				D1862E1A1F2C2E0F00B0B398 /* SQLite */,
				D1F822F81C27A9EB00B54B04 /* Structure */,
				D1F822DD1C27A4DF00B54B04 /* Structure iOS */,
				D1F823601C489CE900B54B04 /* Structure Mac */,
				D1F823041C27AFE100B54B04 /* Structure Tests */,
				D1F822E91C27A4DF00B54B04 /* Structure iOS Tests */,
				D1F8236C1C489CE900B54B04 /* Structure Mac Tests */,
				D1F8238F1C48A18700B54B04 /* Structure tvOS */,
				D1F8239B1C48A18700B54B04 /* Structure tvOS Tests */,
				D1F822DC1C27A4DF00B54B04 /* Products */,
			);
			sourceTree = "<group>";
		};
		D1F822DC1C27A4DF00B54B04 /* Products */ = {
			isa = PBXGroup;
			children = (
				D1F822DB1C27A4DF00B54B04 /* Structure.framework */,
				D1F822E51C27A4DF00B54B04 /* Structure_iOS_Tests.xctest */,
				D1F8235F1C489CE900B54B04 /* Structure.framework */,
				D1F823681C489CE900B54B04 /* Structure Mac Tests.xctest */,
				D1F8238E1C48A18700B54B04 /* Structure.framework */,
				D1F823971C48A18700B54B04 /* Structure tvOS Tests.xctest */,
			);
			name = Products;
			sourceTree = "<group>";
		};
		D1F822DD1C27A4DF00B54B04 /* Structure iOS */ = {
			isa = PBXGroup;
			children = (
				D1F823871C48A08F00B54B04 /* Structure.h */,
				D1F822E01C27A4DF00B54B04 /* Info.plist */,
			);
			path = "Structure iOS";
			sourceTree = "<group>";
		};
		D1F822E91C27A4DF00B54B04 /* Structure iOS Tests */ = {
			isa = PBXGroup;
			children = (
				D1F822EC1C27A4DF00B54B04 /* Info.plist */,
			);
			path = "Structure iOS Tests";
			sourceTree = "<group>";
		};
		D1F822F81C27A9EB00B54B04 /* Structure */ = {
			isa = PBXGroup;
			children = (
				D1F823541C42245900B54B04 /* Bindable.swift */,
				D1F823571C42282B00B54B04 /* Row.swift */,
				D1F822FE1C27AD2700B54B04 /* SQLiteHelpers.swift */,
				D1F823441C36DAFF00B54B04 /* Statement.swift */,
				D1F822FB1C27AB7100B54B04 /* Structure.swift */,
				D1F823011C27AE9200B54B04 /* StructureError.swift */,
				D1F8234D1C375DE800B54B04 /* Supporting Files */,
			);
			path = Structure;
			sourceTree = "<group>";
		};
		D1F823041C27AFE100B54B04 /* Structure Tests */ = {
			isa = PBXGroup;
			children = (
				D1F8234B1C3756E100B54B04 /* StatementTests.swift */,
				D1F823471C36ED1100B54B04 /* StructureInitializationTests.swift */,
				D1F823051C27B01200B54B04 /* StructureTests.swift */,
				D1F823491C36EDAB00B54B04 /* TestHelper.swift */,
			);
			path = "Structure Tests";
			sourceTree = "<group>";
		};
		D1F8234D1C375DE800B54B04 /* Supporting Files */ = {
			isa = PBXGroup;
			children = (
				D1661DC11D138FD40018D170 /* CHANGELOG.md */,
				D1661DBA1D138F820018D170 /* LICENSE.md */,
				D1F823521C37804600B54B04 /* README.markdown */,
			);
			name = "Supporting Files";
			sourceTree = "<group>";
		};
		D1F823601C489CE900B54B04 /* Structure Mac */ = {
			isa = PBXGroup;
			children = (
				D1F823631C489CE900B54B04 /* Info.plist */,
				D1F823611C489CE900B54B04 /* Structure.h */,
			);
			path = "Structure Mac";
			sourceTree = "<group>";
		};
		D1F8236C1C489CE900B54B04 /* Structure Mac Tests */ = {
			isa = PBXGroup;
			children = (
				D1F8236F1C489CE900B54B04 /* Info.plist */,
			);
			path = "Structure Mac Tests";
			sourceTree = "<group>";
		};
		D1F8238F1C48A18700B54B04 /* Structure tvOS */ = {
			isa = PBXGroup;
			children = (
				D1F823901C48A18700B54B04 /* Structure.h */,
				D1F823921C48A18700B54B04 /* Info.plist */,
			);
			path = "Structure tvOS";
			sourceTree = "<group>";
		};
		D1F8239B1C48A18700B54B04 /* Structure tvOS Tests */ = {
			isa = PBXGroup;
			children = (
				D1F8239E1C48A18700B54B04 /* Info.plist */,
			);
			path = "Structure tvOS Tests";
			sourceTree = "<group>";
		};
/* End PBXGroup section */

/* Begin PBXHeadersBuildPhase section */
		D1F822D81C27A4DF00B54B04 /* Headers */ = {
			isa = PBXHeadersBuildPhase;
			buildActionMask = 2147483647;
			files = (
				D1862E1F1F2C2E1F00B0B398 /* sqlite3.h in Headers */,
				D1F823881C48A08F00B54B04 /* Structure.h in Headers */,
			);
			runOnlyForDeploymentPostprocessing = 0;
		};
		D1F8235C1C489CE900B54B04 /* Headers */ = {
			isa = PBXHeadersBuildPhase;
			buildActionMask = 2147483647;
			files = (
				D1F823621C489CE900B54B04 /* Structure.h in Headers */,
			);
			runOnlyForDeploymentPostprocessing = 0;
		};
		D1F8238B1C48A18700B54B04 /* Headers */ = {
			isa = PBXHeadersBuildPhase;
			buildActionMask = 2147483647;
			files = (
				D1F823911C48A18700B54B04 /* Structure.h in Headers */,
			);
			runOnlyForDeploymentPostprocessing = 0;
		};
/* End PBXHeadersBuildPhase section */

/* Begin PBXNativeTarget section */
		D1F822DA1C27A4DF00B54B04 /* Structure iOS */ = {
			isa = PBXNativeTarget;
			buildConfigurationList = D1F822EF1C27A4DF00B54B04 /* Build configuration list for PBXNativeTarget "Structure iOS" */;
			buildPhases = (
				D1F822D61C27A4DF00B54B04 /* Sources */,
				D1F822D71C27A4DF00B54B04 /* Frameworks */,
				D1F822D81C27A4DF00B54B04 /* Headers */,
				D1F822D91C27A4DF00B54B04 /* Resources */,
			);
			buildRules = (
			);
			dependencies = (
			);
			name = "Structure iOS";
			productName = Structure;
			productReference = D1F822DB1C27A4DF00B54B04 /* Structure.framework */;
			productType = "com.apple.product-type.framework";
		};
		D1F822E41C27A4DF00B54B04 /* Structure iOS Tests */ = {
			isa = PBXNativeTarget;
			buildConfigurationList = D1F822F21C27A4DF00B54B04 /* Build configuration list for PBXNativeTarget "Structure iOS Tests" */;
			buildPhases = (
				D1F822E11C27A4DF00B54B04 /* Sources */,
				D1F822E21C27A4DF00B54B04 /* Frameworks */,
				D1F822E31C27A4DF00B54B04 /* Resources */,
			);
			buildRules = (
			);
			dependencies = (
				D1F822E81C27A4DF00B54B04 /* PBXTargetDependency */,
			);
			name = "Structure iOS Tests";
			productName = StructureTests;
			productReference = D1F822E51C27A4DF00B54B04 /* Structure_iOS_Tests.xctest */;
			productType = "com.apple.product-type.bundle.unit-test";
		};
		D1F8235E1C489CE900B54B04 /* Structure Mac */ = {
			isa = PBXNativeTarget;
			buildConfigurationList = D1F823701C489CE900B54B04 /* Build configuration list for PBXNativeTarget "Structure Mac" */;
			buildPhases = (
				D1F8235A1C489CE900B54B04 /* Sources */,
				D1F8235B1C489CE900B54B04 /* Frameworks */,
				D1F8235C1C489CE900B54B04 /* Headers */,
				D1F8235D1C489CE900B54B04 /* Resources */,
			);
			buildRules = (
			);
			dependencies = (
			);
			name = "Structure Mac";
			productName = "Structure Mac";
			productReference = D1F8235F1C489CE900B54B04 /* Structure.framework */;
			productType = "com.apple.product-type.framework";
		};
		D1F823671C489CE900B54B04 /* Structure Mac Tests */ = {
			isa = PBXNativeTarget;
			buildConfigurationList = D1F823731C489CE900B54B04 /* Build configuration list for PBXNativeTarget "Structure Mac Tests" */;
			buildPhases = (
				D1F823641C489CE900B54B04 /* Sources */,
				D1F823651C489CE900B54B04 /* Frameworks */,
				D1F823661C489CE900B54B04 /* Resources */,
			);
			buildRules = (
			);
			dependencies = (
				D1F8236B1C489CE900B54B04 /* PBXTargetDependency */,
			);
			name = "Structure Mac Tests";
			productName = "Structure Mac Tests";
			productReference = D1F823681C489CE900B54B04 /* Structure Mac Tests.xctest */;
			productType = "com.apple.product-type.bundle.unit-test";
		};
		D1F8238D1C48A18700B54B04 /* Structure tvOS */ = {
			isa = PBXNativeTarget;
			buildConfigurationList = D1F8239F1C48A18700B54B04 /* Build configuration list for PBXNativeTarget "Structure tvOS" */;
			buildPhases = (
				D1F823891C48A18700B54B04 /* Sources */,
				D1F8238A1C48A18700B54B04 /* Frameworks */,
				D1F8238B1C48A18700B54B04 /* Headers */,
				D1F8238C1C48A18700B54B04 /* Resources */,
			);
			buildRules = (
			);
			dependencies = (
			);
			name = "Structure tvOS";
			productName = "Structure tvOS";
			productReference = D1F8238E1C48A18700B54B04 /* Structure.framework */;
			productType = "com.apple.product-type.framework";
		};
		D1F823961C48A18700B54B04 /* Structure tvOS Tests */ = {
			isa = PBXNativeTarget;
			buildConfigurationList = D1F823A21C48A18700B54B04 /* Build configuration list for PBXNativeTarget "Structure tvOS Tests" */;
			buildPhases = (
				D1F823931C48A18700B54B04 /* Sources */,
				D1F823941C48A18700B54B04 /* Frameworks */,
				D1F823951C48A18700B54B04 /* Resources */,
			);
			buildRules = (
			);
			dependencies = (
				D1F8239A1C48A18700B54B04 /* PBXTargetDependency */,
			);
			name = "Structure tvOS Tests";
			productName = "Structure tvOS Tests";
			productReference = D1F823971C48A18700B54B04 /* Structure tvOS Tests.xctest */;
			productType = "com.apple.product-type.bundle.unit-test";
		};
/* End PBXNativeTarget section */

/* Begin PBXProject section */
		D1F822D21C27A4DF00B54B04 /* Project object */ = {
			isa = PBXProject;
			attributes = {
				LastSwiftUpdateCheck = 0720;
				LastUpgradeCheck = 0820;
				ORGANIZATIONNAME = "Stephen H. Gerstacker";
				TargetAttributes = {
					D1F822DA1C27A4DF00B54B04 = {
						CreatedOnToolsVersion = 7.2;
						DevelopmentTeam = GE3GZ86XX9;
						DevelopmentTeamName = "Stephen Gerstacker";
						LastSwiftMigration = 0830;
					};
					D1F822E41C27A4DF00B54B04 = {
						CreatedOnToolsVersion = 7.2;
						LastSwiftMigration = 0800;
					};
					D1F8235E1C489CE900B54B04 = {
						CreatedOnToolsVersion = 7.2;
						DevelopmentTeam = GE3GZ86XX9;
						DevelopmentTeamName = "Stephen Gerstacker";
						LastSwiftMigration = 0800;
						ProvisioningStyle = Automatic;
					};
					D1F823671C489CE900B54B04 = {
						CreatedOnToolsVersion = 7.2;
						LastSwiftMigration = 0800;
					};
					D1F8238D1C48A18700B54B04 = {
						CreatedOnToolsVersion = 7.2;
						DevelopmentTeam = GE3GZ86XX9;
						DevelopmentTeamName = "Stephen Gerstacker";
						LastSwiftMigration = 0800;
					};
					D1F823961C48A18700B54B04 = {
						CreatedOnToolsVersion = 7.2;
						LastSwiftMigration = 0800;
					};
				};
			};
			buildConfigurationList = D1F822D51C27A4DF00B54B04 /* Build configuration list for PBXProject "Structure" */;
			compatibilityVersion = "Xcode 3.2";
			developmentRegion = English;
			hasScannedForEncodings = 0;
			knownRegions = (
				en,
			);
			mainGroup = D1F822D11C27A4DF00B54B04;
			productRefGroup = D1F822DC1C27A4DF00B54B04 /* Products */;
			projectDirPath = "";
			projectRoot = "";
			targets = (
				D1F822DA1C27A4DF00B54B04 /* Structure iOS */,
				D1F822E41C27A4DF00B54B04 /* Structure iOS Tests */,
				D1F8235E1C489CE900B54B04 /* Structure Mac */,
				D1F823671C489CE900B54B04 /* Structure Mac Tests */,
				D1F8238D1C48A18700B54B04 /* Structure tvOS */,
				D1F823961C48A18700B54B04 /* Structure tvOS Tests */,
			);
		};
/* End PBXProject section */

/* Begin PBXResourcesBuildPhase section */
		D1F822D91C27A4DF00B54B04 /* Resources */ = {
			isa = PBXResourcesBuildPhase;
			buildActionMask = 2147483647;
			files = (
			);
			runOnlyForDeploymentPostprocessing = 0;
		};
		D1F822E31C27A4DF00B54B04 /* Resources */ = {
			isa = PBXResourcesBuildPhase;
			buildActionMask = 2147483647;
			files = (
			);
			runOnlyForDeploymentPostprocessing = 0;
		};
		D1F8235D1C489CE900B54B04 /* Resources */ = {
			isa = PBXResourcesBuildPhase;
			buildActionMask = 2147483647;
			files = (
			);
			runOnlyForDeploymentPostprocessing = 0;
		};
		D1F823661C489CE900B54B04 /* Resources */ = {
			isa = PBXResourcesBuildPhase;
			buildActionMask = 2147483647;
			files = (
			);
			runOnlyForDeploymentPostprocessing = 0;
		};
		D1F8238C1C48A18700B54B04 /* Resources */ = {
			isa = PBXResourcesBuildPhase;
			buildActionMask = 2147483647;
			files = (
			);
			runOnlyForDeploymentPostprocessing = 0;
		};
		D1F823951C48A18700B54B04 /* Resources */ = {
			isa = PBXResourcesBuildPhase;
			buildActionMask = 2147483647;
			files = (
			);
			runOnlyForDeploymentPostprocessing = 0;
		};
/* End PBXResourcesBuildPhase section */

/* Begin PBXSourcesBuildPhase section */
		D1F822D61C27A4DF00B54B04 /* Sources */ = {
			isa = PBXSourcesBuildPhase;
			buildActionMask = 2147483647;
			files = (
				D1F823551C42245900B54B04 /* Bindable.swift in Sources */,
				D1F822FF1C27AD2700B54B04 /* SQLiteHelpers.swift in Sources */,
				D1F823021C27AE9200B54B04 /* StructureError.swift in Sources */,
				D1F822FC1C27AB7100B54B04 /* Structure.swift in Sources */,
				D1F823581C42282B00B54B04 /* Row.swift in Sources */,
				D1862E1E1F2C2E1F00B0B398 /* sqlite3.c in Sources */,
				D1F823451C36DAFF00B54B04 /* Statement.swift in Sources */,
			);
			runOnlyForDeploymentPostprocessing = 0;
		};
		D1F822E11C27A4DF00B54B04 /* Sources */ = {
			isa = PBXSourcesBuildPhase;
			buildActionMask = 2147483647;
			files = (
				D1F823031C27AE9200B54B04 /* StructureError.swift in Sources */,
				D1F823481C36ED1100B54B04 /* StructureInitializationTests.swift in Sources */,
				D1F8234A1C36EDAB00B54B04 /* TestHelper.swift in Sources */,
				D1F823001C27AD2700B54B04 /* SQLiteHelpers.swift in Sources */,
				D1F823061C27B01200B54B04 /* StructureTests.swift in Sources */,
				D1F822FD1C27AB7100B54B04 /* Structure.swift in Sources */,
				D1F823461C36DAFF00B54B04 /* Statement.swift in Sources */,
				D1F8234C1C3756E100B54B04 /* StatementTests.swift in Sources */,
				D1F823591C42282B00B54B04 /* Row.swift in Sources */,
				D1F823561C42245900B54B04 /* Bindable.swift in Sources */,
			);
			runOnlyForDeploymentPostprocessing = 0;
		};
		D1F8235A1C489CE900B54B04 /* Sources */ = {
			isa = PBXSourcesBuildPhase;
			buildActionMask = 2147483647;
			files = (
				D1F823781C489CFD00B54B04 /* Row.swift in Sources */,
				D1F823761C489CF900B54B04 /* Bindable.swift in Sources */,
				D1F8237E1C489D0A00B54B04 /* Structure.swift in Sources */,
				D1F8237A1C489D0000B54B04 /* SQLiteHelpers.swift in Sources */,
				D1F823801C489D0E00B54B04 /* StructureError.swift in Sources */,
				D1862E201F2C2E2300B0B398 /* sqlite3.c in Sources */,
				D1F8237C1C489D0600B54B04 /* Statement.swift in Sources */,
			);
			runOnlyForDeploymentPostprocessing = 0;
		};
		D1F823641C489CE900B54B04 /* Sources */ = {
			isa = PBXSourcesBuildPhase;
			buildActionMask = 2147483647;
			files = (
				D1F823771C489CF900B54B04 /* Bindable.swift in Sources */,
				D1F823851C489D2900B54B04 /* TestHelper.swift in Sources */,
				D1F823791C489CFD00B54B04 /* Row.swift in Sources */,
				D1F823811C489D0E00B54B04 /* StructureError.swift in Sources */,
				D1F8237B1C489D0100B54B04 /* SQLiteHelpers.swift in Sources */,
				D1F823861C489D2C00B54B04 /* StructureTests.swift in Sources */,
				D1F8237D1C489D0600B54B04 /* Statement.swift in Sources */,
				D1F8237F1C489D0B00B54B04 /* Structure.swift in Sources */,
				D1F823841C489D2500B54B04 /* StructureInitializationTests.swift in Sources */,
				D1F823831C489D2200B54B04 /* StatementTests.swift in Sources */,
			);
			runOnlyForDeploymentPostprocessing = 0;
		};
		D1F823891C48A18700B54B04 /* Sources */ = {
			isa = PBXSourcesBuildPhase;
			buildActionMask = 2147483647;
			files = (
				D1F823A71C48A20100B54B04 /* Row.swift in Sources */,
				D1F823A51C48A1FE00B54B04 /* Bindable.swift in Sources */,
				D1F823AD1C48A20D00B54B04 /* Structure.swift in Sources */,
				D1F823A91C48A20500B54B04 /* SQLiteHelpers.swift in Sources */,
				D1F823AF1C48A21100B54B04 /* StructureError.swift in Sources */,
				D1862E211F2C2E2400B0B398 /* sqlite3.c in Sources */,
				D1F823AB1C48A20900B54B04 /* Statement.swift in Sources */,
			);
			runOnlyForDeploymentPostprocessing = 0;
		};
		D1F823931C48A18700B54B04 /* Sources */ = {
			isa = PBXSourcesBuildPhase;
			buildActionMask = 2147483647;
			files = (
				D1F823A81C48A20200B54B04 /* Row.swift in Sources */,
				D1F823B41C48A22500B54B04 /* TestHelper.swift in Sources */,
				D1F823A61C48A1FE00B54B04 /* Bindable.swift in Sources */,
				D1F823B11C48A21700B54B04 /* StatementTests.swift in Sources */,
				D1F823B31C48A21F00B54B04 /* StructureTests.swift in Sources */,
				D1F823AE1C48A20E00B54B04 /* Structure.swift in Sources */,
				D1F823AA1C48A20500B54B04 /* SQLiteHelpers.swift in Sources */,
				D1F823B21C48A21C00B54B04 /* StructureInitializationTests.swift in Sources */,
				D1F823B01C48A21200B54B04 /* StructureError.swift in Sources */,
				D1F823AC1C48A20A00B54B04 /* Statement.swift in Sources */,
			);
			runOnlyForDeploymentPostprocessing = 0;
		};
/* End PBXSourcesBuildPhase section */

/* Begin PBXTargetDependency section */
		D1F822E81C27A4DF00B54B04 /* PBXTargetDependency */ = {
			isa = PBXTargetDependency;
			target = D1F822DA1C27A4DF00B54B04 /* Structure iOS */;
			targetProxy = D1F822E71C27A4DF00B54B04 /* PBXContainerItemProxy */;
		};
		D1F8236B1C489CE900B54B04 /* PBXTargetDependency */ = {
			isa = PBXTargetDependency;
			target = D1F8235E1C489CE900B54B04 /* Structure Mac */;
			targetProxy = D1F8236A1C489CE900B54B04 /* PBXContainerItemProxy */;
		};
		D1F8239A1C48A18700B54B04 /* PBXTargetDependency */ = {
			isa = PBXTargetDependency;
			target = D1F8238D1C48A18700B54B04 /* Structure tvOS */;
			targetProxy = D1F823991C48A18700B54B04 /* PBXContainerItemProxy */;
		};
/* End PBXTargetDependency section */

/* Begin XCBuildConfiguration section */
		D1F822ED1C27A4DF00B54B04 /* Debug */ = {
			isa = XCBuildConfiguration;
			buildSettings = {
				ALWAYS_SEARCH_USER_PATHS = NO;
				CLANG_CXX_LANGUAGE_STANDARD = "gnu++0x";
				CLANG_CXX_LIBRARY = "libc++";
				CLANG_ENABLE_MODULES = YES;
				CLANG_ENABLE_OBJC_ARC = YES;
				CLANG_WARN_BOOL_CONVERSION = YES;
				CLANG_WARN_CONSTANT_CONVERSION = YES;
				CLANG_WARN_DIRECT_OBJC_ISA_USAGE = YES_ERROR;
				CLANG_WARN_EMPTY_BODY = YES;
				CLANG_WARN_ENUM_CONVERSION = YES;
				CLANG_WARN_INFINITE_RECURSION = YES;
				CLANG_WARN_INT_CONVERSION = YES;
				CLANG_WARN_OBJC_ROOT_CLASS = YES_ERROR;
				CLANG_WARN_SUSPICIOUS_MOVE = YES;
				CLANG_WARN_UNREACHABLE_CODE = YES;
				CLANG_WARN__DUPLICATE_METHOD_MATCH = YES;
				"CODE_SIGN_IDENTITY[sdk=iphoneos*]" = "iPhone Developer";
				COPY_PHASE_STRIP = NO;
				CURRENT_PROJECT_VERSION = 1;
				DEBUG_INFORMATION_FORMAT = dwarf;
				ENABLE_STRICT_OBJC_MSGSEND = YES;
				ENABLE_TESTABILITY = YES;
				GCC_C_LANGUAGE_STANDARD = gnu99;
				GCC_DYNAMIC_NO_PIC = NO;
				GCC_NO_COMMON_BLOCKS = YES;
				GCC_OPTIMIZATION_LEVEL = 0;
				GCC_PREPROCESSOR_DEFINITIONS = (
					"DEBUG=1",
					"$(inherited)",
				);
				GCC_WARN_64_TO_32_BIT_CONVERSION = YES;
				GCC_WARN_ABOUT_RETURN_TYPE = YES_ERROR;
				GCC_WARN_UNDECLARED_SELECTOR = YES;
				GCC_WARN_UNINITIALIZED_AUTOS = YES_AGGRESSIVE;
				GCC_WARN_UNUSED_FUNCTION = YES;
				GCC_WARN_UNUSED_VARIABLE = YES;
				IPHONEOS_DEPLOYMENT_TARGET = 10.0;
				MACOSX_DEPLOYMENT_TARGET = 10.12;
				MTL_ENABLE_DEBUG_INFO = YES;
				ONLY_ACTIVE_ARCH = YES;
				SDKROOT = iphoneos;
				SWIFT_OPTIMIZATION_LEVEL = "-Onone";
				TARGETED_DEVICE_FAMILY = "1,2";
				VERSIONING_SYSTEM = "apple-generic";
				VERSION_INFO_PREFIX = "";
			};
			name = Debug;
		};
		D1F822EE1C27A4DF00B54B04 /* Release */ = {
			isa = XCBuildConfiguration;
			buildSettings = {
				ALWAYS_SEARCH_USER_PATHS = NO;
				CLANG_CXX_LANGUAGE_STANDARD = "gnu++0x";
				CLANG_CXX_LIBRARY = "libc++";
				CLANG_ENABLE_MODULES = YES;
				CLANG_ENABLE_OBJC_ARC = YES;
				CLANG_WARN_BOOL_CONVERSION = YES;
				CLANG_WARN_CONSTANT_CONVERSION = YES;
				CLANG_WARN_DIRECT_OBJC_ISA_USAGE = YES_ERROR;
				CLANG_WARN_EMPTY_BODY = YES;
				CLANG_WARN_ENUM_CONVERSION = YES;
				CLANG_WARN_INFINITE_RECURSION = YES;
				CLANG_WARN_INT_CONVERSION = YES;
				CLANG_WARN_OBJC_ROOT_CLASS = YES_ERROR;
				CLANG_WARN_SUSPICIOUS_MOVE = YES;
				CLANG_WARN_UNREACHABLE_CODE = YES;
				CLANG_WARN__DUPLICATE_METHOD_MATCH = YES;
				"CODE_SIGN_IDENTITY[sdk=iphoneos*]" = "iPhone Developer";
				COPY_PHASE_STRIP = NO;
				CURRENT_PROJECT_VERSION = 1;
				DEBUG_INFORMATION_FORMAT = "dwarf-with-dsym";
				ENABLE_NS_ASSERTIONS = NO;
				ENABLE_STRICT_OBJC_MSGSEND = YES;
				GCC_C_LANGUAGE_STANDARD = gnu99;
				GCC_NO_COMMON_BLOCKS = YES;
				GCC_WARN_64_TO_32_BIT_CONVERSION = YES;
				GCC_WARN_ABOUT_RETURN_TYPE = YES_ERROR;
				GCC_WARN_UNDECLARED_SELECTOR = YES;
				GCC_WARN_UNINITIALIZED_AUTOS = YES_AGGRESSIVE;
				GCC_WARN_UNUSED_FUNCTION = YES;
				GCC_WARN_UNUSED_VARIABLE = YES;
				IPHONEOS_DEPLOYMENT_TARGET = 10.0;
				MACOSX_DEPLOYMENT_TARGET = 10.12;
				MTL_ENABLE_DEBUG_INFO = NO;
				SDKROOT = iphoneos;
				SWIFT_OPTIMIZATION_LEVEL = "-Owholemodule";
				TARGETED_DEVICE_FAMILY = "1,2";
				VALIDATE_PRODUCT = YES;
				VERSIONING_SYSTEM = "apple-generic";
				VERSION_INFO_PREFIX = "";
			};
			name = Release;
		};
		D1F822F01C27A4DF00B54B04 /* Debug */ = {
			isa = XCBuildConfiguration;
			buildSettings = {
				APPLICATION_EXTENSION_API_ONLY = YES;
				CLANG_ENABLE_MODULES = YES;
				"CODE_SIGN_IDENTITY[sdk=iphoneos*]" = "";
				DEFINES_MODULE = YES;
				DYLIB_COMPATIBILITY_VERSION = 1;
				DYLIB_CURRENT_VERSION = 1;
				DYLIB_INSTALL_NAME_BASE = "@rpath";
				INFOPLIST_FILE = "Structure iOS/Info.plist";
				INSTALL_PATH = "$(LOCAL_LIBRARY_DIR)/Frameworks";
				IPHONEOS_DEPLOYMENT_TARGET = 10.0;
				LD_RUNPATH_SEARCH_PATHS = "$(inherited) @executable_path/Frameworks @loader_path/Frameworks";
				MACOSX_DEPLOYMENT_TARGET = 10.12;
				PRODUCT_BUNDLE_IDENTIFIER = us.gerstacker.Structure;
				PRODUCT_NAME = Structure;
				SKIP_INSTALL = YES;
				SWIFT_INCLUDE_PATHS = "$(SRCROOT)/SQLite";
				SWIFT_OPTIMIZATION_LEVEL = "-Onone";
				SWIFT_VERSION = 3.0;
				TVOS_DEPLOYMENT_TARGET = 10.0;
			};
			name = Debug;
		};
		D1F822F11C27A4DF00B54B04 /* Release */ = {
			isa = XCBuildConfiguration;
			buildSettings = {
				APPLICATION_EXTENSION_API_ONLY = YES;
				CLANG_ENABLE_MODULES = YES;
				"CODE_SIGN_IDENTITY[sdk=iphoneos*]" = "";
				DEFINES_MODULE = YES;
				DYLIB_COMPATIBILITY_VERSION = 1;
				DYLIB_CURRENT_VERSION = 1;
				DYLIB_INSTALL_NAME_BASE = "@rpath";
				INFOPLIST_FILE = "Structure iOS/Info.plist";
				INSTALL_PATH = "$(LOCAL_LIBRARY_DIR)/Frameworks";
				IPHONEOS_DEPLOYMENT_TARGET = 10.0;
				LD_RUNPATH_SEARCH_PATHS = "$(inherited) @executable_path/Frameworks @loader_path/Frameworks";
				MACOSX_DEPLOYMENT_TARGET = 10.12;
				PRODUCT_BUNDLE_IDENTIFIER = us.gerstacker.Structure;
				PRODUCT_NAME = Structure;
				SKIP_INSTALL = YES;
				SWIFT_INCLUDE_PATHS = "$(SRCROOT)/SQLite";
				SWIFT_OPTIMIZATION_LEVEL = "-Owholemodule";
				SWIFT_VERSION = 3.0;
				TVOS_DEPLOYMENT_TARGET = 10.0;
			};
			name = Release;
		};
		D1F822F31C27A4DF00B54B04 /* Debug */ = {
			isa = XCBuildConfiguration;
			buildSettings = {
				INFOPLIST_FILE = "Structure iOS Tests/Info.plist";
				IPHONEOS_DEPLOYMENT_TARGET = 10.0;
				LD_RUNPATH_SEARCH_PATHS = "$(inherited) @executable_path/Frameworks @loader_path/Frameworks";
				MACOSX_DEPLOYMENT_TARGET = 10.12;
				PRODUCT_BUNDLE_IDENTIFIER = us.gerstacker.StructureTests;
				PRODUCT_NAME = Structure_iOS_Tests;
				SWIFT_INCLUDE_PATHS = "$(SRCROOT)/SQLite";
				SWIFT_VERSION = 3.0;
				TVOS_DEPLOYMENT_TARGET = 10.0;
			};
			name = Debug;
		};
		D1F822F41C27A4DF00B54B04 /* Release */ = {
			isa = XCBuildConfiguration;
			buildSettings = {
				INFOPLIST_FILE = " Structure iOS Tests/Info.plist";
				IPHONEOS_DEPLOYMENT_TARGET = 10.0;
				LD_RUNPATH_SEARCH_PATHS = "$(inherited) @executable_path/Frameworks @loader_path/Frameworks";
				MACOSX_DEPLOYMENT_TARGET = 10.12;
				PRODUCT_BUNDLE_IDENTIFIER = us.gerstacker.StructureTests;
				PRODUCT_NAME = Structure_iOS_Tests;
				SWIFT_INCLUDE_PATHS = "$(SRCROOT)/SQLite";
				SWIFT_OPTIMIZATION_LEVEL = "-Owholemodule";
				SWIFT_VERSION = 3.0;
				TVOS_DEPLOYMENT_TARGET = 10.0;
			};
			name = Release;
		};
		D1F823711C489CE900B54B04 /* Debug */ = {
			isa = XCBuildConfiguration;
			buildSettings = {
				APPLICATION_EXTENSION_API_ONLY = YES;
				CLANG_ENABLE_MODULES = YES;
				CODE_SIGN_IDENTITY = "";
				COMBINE_HIDPI_IMAGES = YES;
				DEFINES_MODULE = YES;
				DYLIB_COMPATIBILITY_VERSION = 1;
				DYLIB_CURRENT_VERSION = 1;
				DYLIB_INSTALL_NAME_BASE = "@rpath";
				FRAMEWORK_VERSION = A;
				INFOPLIST_FILE = "Structure Mac/Info.plist";
				INSTALL_PATH = "$(LOCAL_LIBRARY_DIR)/Frameworks";
				IPHONEOS_DEPLOYMENT_TARGET = 10.0;
				LD_RUNPATH_SEARCH_PATHS = "$(inherited) @executable_path/../Frameworks @loader_path/Frameworks";
				MACOSX_DEPLOYMENT_TARGET = 10.12;
				PRODUCT_BUNDLE_IDENTIFIER = us.gerstacker.Structure;
				PRODUCT_NAME = Structure;
				SDKROOT = macosx;
				SKIP_INSTALL = YES;
				SWIFT_INCLUDE_PATHS = "$(SRCROOT)/SQLite";
				SWIFT_OPTIMIZATION_LEVEL = "-Onone";
				SWIFT_VERSION = 3.0;
				TVOS_DEPLOYMENT_TARGET = 10.0;
			};
			name = Debug;
		};
		D1F823721C489CE900B54B04 /* Release */ = {
			isa = XCBuildConfiguration;
			buildSettings = {
				APPLICATION_EXTENSION_API_ONLY = YES;
				CLANG_ENABLE_MODULES = YES;
				CODE_SIGN_IDENTITY = "";
				COMBINE_HIDPI_IMAGES = YES;
				DEFINES_MODULE = YES;
				DYLIB_COMPATIBILITY_VERSION = 1;
				DYLIB_CURRENT_VERSION = 1;
				DYLIB_INSTALL_NAME_BASE = "@rpath";
				FRAMEWORK_VERSION = A;
				INFOPLIST_FILE = "Structure Mac/Info.plist";
				INSTALL_PATH = "$(LOCAL_LIBRARY_DIR)/Frameworks";
				IPHONEOS_DEPLOYMENT_TARGET = 10.0;
				LD_RUNPATH_SEARCH_PATHS = "$(inherited) @executable_path/../Frameworks @loader_path/Frameworks";
				MACOSX_DEPLOYMENT_TARGET = 10.12;
				PRODUCT_BUNDLE_IDENTIFIER = us.gerstacker.Structure;
				PRODUCT_NAME = Structure;
				SDKROOT = macosx;
				SKIP_INSTALL = YES;
				SWIFT_INCLUDE_PATHS = "$(SRCROOT)/SQLite";
				SWIFT_OPTIMIZATION_LEVEL = "-Owholemodule";
				SWIFT_VERSION = 3.0;
				TVOS_DEPLOYMENT_TARGET = 10.0;
			};
			name = Release;
		};
		D1F823741C489CE900B54B04 /* Debug */ = {
			isa = XCBuildConfiguration;
			buildSettings = {
				CODE_SIGN_IDENTITY = "-";
				COMBINE_HIDPI_IMAGES = YES;
				INFOPLIST_FILE = "Structure Mac Tests/Info.plist";
				IPHONEOS_DEPLOYMENT_TARGET = 10.0;
				LD_RUNPATH_SEARCH_PATHS = "$(inherited) @executable_path/../Frameworks @loader_path/../Frameworks";
				MACOSX_DEPLOYMENT_TARGET = 10.12;
				PRODUCT_BUNDLE_IDENTIFIER = "us.gerstacker.Structure-MacTests";
				PRODUCT_NAME = "$(TARGET_NAME)";
				SDKROOT = macosx;
				SWIFT_INCLUDE_PATHS = "$(SRCROOT)/SQLite";
				SWIFT_VERSION = 3.0;
				TVOS_DEPLOYMENT_TARGET = 10.0;
			};
			name = Debug;
		};
		D1F823751C489CE900B54B04 /* Release */ = {
			isa = XCBuildConfiguration;
			buildSettings = {
				CODE_SIGN_IDENTITY = "-";
				COMBINE_HIDPI_IMAGES = YES;
				INFOPLIST_FILE = "Structure Mac Tests/Info.plist";
				IPHONEOS_DEPLOYMENT_TARGET = 10.0;
				LD_RUNPATH_SEARCH_PATHS = "$(inherited) @executable_path/../Frameworks @loader_path/../Frameworks";
				MACOSX_DEPLOYMENT_TARGET = 10.12;
				PRODUCT_BUNDLE_IDENTIFIER = "us.gerstacker.Structure-MacTests";
				PRODUCT_NAME = "$(TARGET_NAME)";
				SDKROOT = macosx;
				SWIFT_INCLUDE_PATHS = "$(SRCROOT)/SQLite";
				SWIFT_OPTIMIZATION_LEVEL = "-Owholemodule";
				SWIFT_VERSION = 3.0;
				TVOS_DEPLOYMENT_TARGET = 10.0;
			};
			name = Release;
		};
		D1F823A01C48A18700B54B04 /* Debug */ = {
			isa = XCBuildConfiguration;
			buildSettings = {
				APPLICATION_EXTENSION_API_ONLY = YES;
				CLANG_ENABLE_MODULES = YES;
				"CODE_SIGN_IDENTITY[sdk=appletvos*]" = "";
				DEFINES_MODULE = YES;
				DYLIB_COMPATIBILITY_VERSION = 1;
				DYLIB_CURRENT_VERSION = 1;
				DYLIB_INSTALL_NAME_BASE = "@rpath";
				INFOPLIST_FILE = "Structure tvOS/Info.plist";
				INSTALL_PATH = "$(LOCAL_LIBRARY_DIR)/Frameworks";
				IPHONEOS_DEPLOYMENT_TARGET = 10.0;
				LD_RUNPATH_SEARCH_PATHS = "$(inherited) @executable_path/Frameworks @loader_path/Frameworks";
				MACOSX_DEPLOYMENT_TARGET = 10.12;
				PRODUCT_BUNDLE_IDENTIFIER = us.gerstacker.Structure;
				PRODUCT_NAME = Structure;
				SDKROOT = appletvos;
				SKIP_INSTALL = YES;
				SWIFT_INCLUDE_PATHS = "$(SRCROOT)/SQLite";
				SWIFT_OPTIMIZATION_LEVEL = "-Onone";
				SWIFT_VERSION = 3.0;
				TARGETED_DEVICE_FAMILY = 3;
				TVOS_DEPLOYMENT_TARGET = 10.0;
			};
			name = Debug;
		};
		D1F823A11C48A18700B54B04 /* Release */ = {
			isa = XCBuildConfiguration;
			buildSettings = {
				APPLICATION_EXTENSION_API_ONLY = YES;
				CLANG_ENABLE_MODULES = YES;
				"CODE_SIGN_IDENTITY[sdk=appletvos*]" = "";
				DEFINES_MODULE = YES;
				DYLIB_COMPATIBILITY_VERSION = 1;
				DYLIB_CURRENT_VERSION = 1;
				DYLIB_INSTALL_NAME_BASE = "@rpath";
				INFOPLIST_FILE = "Structure tvOS/Info.plist";
				INSTALL_PATH = "$(LOCAL_LIBRARY_DIR)/Frameworks";
				IPHONEOS_DEPLOYMENT_TARGET = 10.0;
				LD_RUNPATH_SEARCH_PATHS = "$(inherited) @executable_path/Frameworks @loader_path/Frameworks";
				MACOSX_DEPLOYMENT_TARGET = 10.12;
				PRODUCT_BUNDLE_IDENTIFIER = us.gerstacker.Structure;
				PRODUCT_NAME = Structure;
				SDKROOT = appletvos;
				SKIP_INSTALL = YES;
				SWIFT_INCLUDE_PATHS = "$(SRCROOT)/SQLite";
				SWIFT_OPTIMIZATION_LEVEL = "-Owholemodule";
				SWIFT_VERSION = 3.0;
				TARGETED_DEVICE_FAMILY = 3;
				TVOS_DEPLOYMENT_TARGET = 10.0;
			};
			name = Release;
		};
		D1F823A31C48A18700B54B04 /* Debug */ = {
			isa = XCBuildConfiguration;
			buildSettings = {
				INFOPLIST_FILE = "Structure tvOS Tests/Info.plist";
				IPHONEOS_DEPLOYMENT_TARGET = 10.0;
				LD_RUNPATH_SEARCH_PATHS = "$(inherited) @executable_path/Frameworks @loader_path/Frameworks";
				MACOSX_DEPLOYMENT_TARGET = 10.12;
				PRODUCT_BUNDLE_IDENTIFIER = "us.gerstacker.Structure-tvOSTests";
				PRODUCT_NAME = "$(TARGET_NAME)";
				SDKROOT = appletvos;
				SWIFT_INCLUDE_PATHS = "$(SRCROOT)/SQLite";
				SWIFT_VERSION = 3.0;
				TVOS_DEPLOYMENT_TARGET = 10.0;
			};
			name = Debug;
		};
		D1F823A41C48A18700B54B04 /* Release */ = {
			isa = XCBuildConfiguration;
			buildSettings = {
				INFOPLIST_FILE = "Structure tvOS Tests/Info.plist";
				IPHONEOS_DEPLOYMENT_TARGET = 10.0;
				LD_RUNPATH_SEARCH_PATHS = "$(inherited) @executable_path/Frameworks @loader_path/Frameworks";
				MACOSX_DEPLOYMENT_TARGET = 10.12;
				PRODUCT_BUNDLE_IDENTIFIER = "us.gerstacker.Structure-tvOSTests";
				PRODUCT_NAME = "$(TARGET_NAME)";
				SDKROOT = appletvos;
				SWIFT_INCLUDE_PATHS = "$(SRCROOT)/SQLite";
				SWIFT_OPTIMIZATION_LEVEL = "-Owholemodule";
				SWIFT_VERSION = 3.0;
				TVOS_DEPLOYMENT_TARGET = 10.0;
			};
			name = Release;
		};
/* End XCBuildConfiguration section */

/* Begin XCConfigurationList section */
		D1F822D51C27A4DF00B54B04 /* Build configuration list for PBXProject "Structure" */ = {
			isa = XCConfigurationList;
			buildConfigurations = (
				D1F822ED1C27A4DF00B54B04 /* Debug */,
				D1F822EE1C27A4DF00B54B04 /* Release */,
			);
			defaultConfigurationIsVisible = 0;
			defaultConfigurationName = Release;
		};
		D1F822EF1C27A4DF00B54B04 /* Build configuration list for PBXNativeTarget "Structure iOS" */ = {
			isa = XCConfigurationList;
			buildConfigurations = (
				D1F822F01C27A4DF00B54B04 /* Debug */,
				D1F822F11C27A4DF00B54B04 /* Release */,
			);
			defaultConfigurationIsVisible = 0;
			defaultConfigurationName = Release;
		};
		D1F822F21C27A4DF00B54B04 /* Build configuration list for PBXNativeTarget "Structure iOS Tests" */ = {
			isa = XCConfigurationList;
			buildConfigurations = (
				D1F822F31C27A4DF00B54B04 /* Debug */,
				D1F822F41C27A4DF00B54B04 /* Release */,
			);
			defaultConfigurationIsVisible = 0;
			defaultConfigurationName = Release;
		};
		D1F823701C489CE900B54B04 /* Build configuration list for PBXNativeTarget "Structure Mac" */ = {
			isa = XCConfigurationList;
			buildConfigurations = (
				D1F823711C489CE900B54B04 /* Debug */,
				D1F823721C489CE900B54B04 /* Release */,
			);
			defaultConfigurationIsVisible = 0;
			defaultConfigurationName = Release;
		};
		D1F823731C489CE900B54B04 /* Build configuration list for PBXNativeTarget "Structure Mac Tests" */ = {
			isa = XCConfigurationList;
			buildConfigurations = (
				D1F823741C489CE900B54B04 /* Debug */,
				D1F823751C489CE900B54B04 /* Release */,
			);
			defaultConfigurationIsVisible = 0;
			defaultConfigurationName = Release;
		};
		D1F8239F1C48A18700B54B04 /* Build configuration list for PBXNativeTarget "Structure tvOS" */ = {
			isa = XCConfigurationList;
			buildConfigurations = (
				D1F823A01C48A18700B54B04 /* Debug */,
				D1F823A11C48A18700B54B04 /* Release */,
			);
			defaultConfigurationIsVisible = 0;
			defaultConfigurationName = Release;
		};
		D1F823A21C48A18700B54B04 /* Build configuration list for PBXNativeTarget "Structure tvOS Tests" */ = {
			isa = XCConfigurationList;
			buildConfigurations = (
				D1F823A31C48A18700B54B04 /* Debug */,
				D1F823A41C48A18700B54B04 /* Release */,
			);
			defaultConfigurationIsVisible = 0;
			defaultConfigurationName = Release;
		};
/* End XCConfigurationList section */
	};
	rootObject = D1F822D21C27A4DF00B54B04 /* Project object */;
}
